github.com/Eyevinn/hls-m3u8 v0.6.5 h1:qcX5h+kh3RDUQsvWzS0G8NdLquHi6eY3Ap67ywzIjgY=
github.com/Eyevinn/hls-m3u8 v0.6.5/go.mod h1:9jzVfwCo1+TC6yz+TKDBt9gIshzI9fhVE7M5AhcOSnQ=
github.com/matryer/is v1.4.1 h1:55ehd8zaGABKLXQUe2awZ99BD/PTc2ls+KV/dXphgEQ=
github.com/matryer/is v1.4.1/go.mod h1:8I/i5uYgLzgsgEloJE1U6xx5HkBQpAZvepWuujKwMRU=
